
Microsoft Visual Studio Solution File, Format Version 11.00
# Visual Studio 2010
Project("{FAE04EC0-301F-11D3-BF4B-00C04F79EFBC}") = "UnityEngine.TestRunner", "UnityEngine.TestRunner.csproj", "{c10f6a62-ea7e-6d11-5768-662c39dd0c24}"
EndProject
Project("{FAE04EC0-301F-11D3-BF4B-00C04F79EFBC}") = "UnityEngine.Purchasing.Stores", "UnityEngine.Purchasing.Stores.csproj", "{20cbf120-0348-5f80-14ec-18b22cfafedd}"
EndProject
Project("{FAE04EC0-301F-11D3-BF4B-00C04F79EFBC}") = "UnityEngine.UI", "UnityEngine.UI.csproj", "{776bdf64-399d-d849-4b3f-bd9e5fe0fef4}"
EndProject
Project("{FAE04EC0-301F-11D3-BF4B-00C04F79EFBC}") = "com.unity.multiplayer-hlapi.Runtime", "com.unity.multiplayer-hlapi.Runtime.csproj", "{8c5b105e-0c21-6a18-ad1b-3ed2d3c51997}"
EndProject
Project("{FAE04EC0-301F-11D3-BF4B-00C04F79EFBC}") = "Unity.TextMeshPro", "Unity.TextMeshPro.csproj", "{28d31eb5-744d-63fa-7412-480f34b4f97c}"
EndProject
Project("{FAE04EC0-301F-11D3-BF4B-00C04F79EFBC}") = "Unity.Timeline", "Unity.Timeline.csproj", "{c21817ae-ec35-8cee-d8d2-d8353abc283f}"
EndProject
Project("{FAE04EC0-301F-11D3-BF4B-00C04F79EFBC}") = "UnityEngine.Advertisements", "UnityEngine.Advertisements.csproj", "{923968c0-3669-37f8-c0b0-a55908e9a9c1}"
EndProject
Project("{FAE04EC0-301F-11D3-BF4B-00C04F79EFBC}") = "UnityEngine.Purchasing", "UnityEngine.Purchasing.csproj", "{af4cebc4-3821-43c7-74e3-1c70482b5d5e}"
EndProject
Project("{FAE04EC0-301F-11D3-BF4B-00C04F79EFBC}") = "Unity.Analytics.DataPrivacy", "Unity.Analytics.DataPrivacy.csproj", "{0ecdc560-4eba-c712-6a31-8a299f7570b2}"
EndProject
Project("{FAE04EC0-301F-11D3-BF4B-00C04F79EFBC}") = "UnityEngine.Purchasing.Codeless", "UnityEngine.Purchasing.Codeless.csproj", "{de53e22e-ef6b-a9f6-755d-9865eb7a4467}"
EndProject
Project("{FAE04EC0-301F-11D3-BF4B-00C04F79EFBC}") = "UnityEngine.Monetization", "UnityEngine.Monetization.csproj", "{26e552a6-3a39-0198-d133-940241c371cb}"
EndProject
Project("{FAE04EC0-301F-11D3-BF4B-00C04F79EFBC}") = "UnityEngine.XR.LegacyInputHelpers", "UnityEngine.XR.LegacyInputHelpers.csproj", "{1631a342-c59b-b4a6-a5cc-9d911b747265}"
EndProject
Project("{FAE04EC0-301F-11D3-BF4B-00C04F79EFBC}") = "Purchasing.Common", "Purchasing.Common.csproj", "{24f72b87-2380-6a9b-800f-32a9a7578839}"
EndProject
Project("{FAE04EC0-301F-11D3-BF4B-00C04F79EFBC}") = "UnityEngine.Purchasing.WinRTCore", "UnityEngine.Purchasing.WinRTCore.csproj", "{5f09af32-0d20-bdf3-7321-d3f691e7886c}"
EndProject
Project("{FAE04EC0-301F-11D3-BF4B-00C04F79EFBC}") = "UnityEngine.SpatialTracking", "UnityEngine.SpatialTracking.csproj", "{adf6b11e-c91e-de69-5dfc-7ce4308a895d}"
EndProject
Project("{FAE04EC0-301F-11D3-BF4B-00C04F79EFBC}") = "UnityEngine.Purchasing.SecurityStub", "UnityEngine.Purchasing.SecurityStub.csproj", "{1b4f0c9a-3928-d8d5-2fea-bf1a7bc338b1}"
EndProject
Project("{FAE04EC0-301F-11D3-BF4B-00C04F79EFBC}") = "UnityEngine.Purchasing.AppleCore", "UnityEngine.Purchasing.AppleCore.csproj", "{875a59b1-d7df-50c0-b942-9cc01cb05cd3}"
EndProject
Project("{FAE04EC0-301F-11D3-BF4B-00C04F79EFBC}") = "UnityEngine.Purchasing.SecurityCore", "UnityEngine.Purchasing.SecurityCore.csproj", "{6e18f694-9ac3-df0e-3a46-6e46f3154ddc}"
EndProject
Project("{FAE04EC0-301F-11D3-BF4B-00C04F79EFBC}") = "UnityEngine.Purchasing.AppleStub", "UnityEngine.Purchasing.AppleStub.csproj", "{3397aec9-7684-2c71-ef85-09227f7d0059}"
EndProject
Project("{FAE04EC0-301F-11D3-BF4B-00C04F79EFBC}") = "UnityEngine.Purchasing.WinRTStub", "UnityEngine.Purchasing.WinRTStub.csproj", "{54249cff-f7ce-7bd7-650a-32229b4584e3}"
EndProject
Project("{FAE04EC0-301F-11D3-BF4B-00C04F79EFBC}") = "UnityEngine.Purchasing.AppleMacosStub", "UnityEngine.Purchasing.AppleMacosStub.csproj", "{06258aee-2ddf-bffe-aff5-76e37334e72b}"
EndProject
Project("{FAE04EC0-301F-11D3-BF4B-00C04F79EFBC}") = "UnityEditor.TestRunner", "UnityEditor.TestRunner.csproj", "{246349bd-fe70-81bf-02ab-aa6d4f738f5b}"
EndProject
Project("{FAE04EC0-301F-11D3-BF4B-00C04F79EFBC}") = "Unity.VisualStudio.Editor", "Unity.VisualStudio.Editor.csproj", "{f42ae96a-35d9-d229-a288-d3d8ca3d6180}"
EndProject
Project("{FAE04EC0-301F-11D3-BF4B-00C04F79EFBC}") = "Unity.TextMeshPro.Editor", "Unity.TextMeshPro.Editor.csproj", "{a2e594c5-0e3b-06a4-219b-58a17f7a1422}"
EndProject
Project("{FAE04EC0-301F-11D3-BF4B-00C04F79EFBC}") = "Unity.Timeline.Editor", "Unity.Timeline.Editor.csproj", "{bdf2a63f-6d85-7f15-fb1c-3f8cfc9bfcb3}"
EndProject
Project("{FAE04EC0-301F-11D3-BF4B-00C04F79EFBC}") = "Unity.PlasticSCM.Editor", "Unity.PlasticSCM.Editor.csproj", "{36737987-7b9d-3f3c-0b87-7bc9e6ae302a}"
EndProject
Project("{FAE04EC0-301F-11D3-BF4B-00C04F79EFBC}") = "Unity.2D.Sprite.Editor", "Unity.2D.Sprite.Editor.csproj", "{dd745376-3b8b-bd5f-991e-f72f4c13dd12}"
EndProject
Project("{FAE04EC0-301F-11D3-BF4B-00C04F79EFBC}") = "UnityEditor.Purchasing", "UnityEditor.Purchasing.csproj", "{e0efb425-7d00-3125-fa9d-2139ffb88cb6}"
EndProject
Project("{FAE04EC0-301F-11D3-BF4B-00C04F79EFBC}") = "com.unity.multiplayer-hlapi.Editor", "com.unity.multiplayer-hlapi.Editor.csproj", "{21b90933-ecca-8922-f184-2a562d6bdbdf}"
EndProject
Project("{FAE04EC0-301F-11D3-BF4B-00C04F79EFBC}") = "UnityEditor.UI", "UnityEditor.UI.csproj", "{eec9d306-f8e8-a42f-137f-89e3bd70689c}"
EndProject
Project("{FAE04EC0-301F-11D3-BF4B-00C04F79EFBC}") = "Unity.Rider.Editor", "Unity.Rider.Editor.csproj", "{b099733f-3fcb-3f77-61bb-74420319b035}"
EndProject
Project("{FAE04EC0-301F-11D3-BF4B-00C04F79EFBC}") = "Unity.2D.Tilemap.Editor", "Unity.2D.Tilemap.Editor.csproj", "{e581f308-0911-2992-4b05-a23ee3cc44ee}"
EndProject
Project("{FAE04EC0-301F-11D3-BF4B-00C04F79EFBC}") = "UnityEngine.Advertisements.Editor", "UnityEngine.Advertisements.Editor.csproj", "{00f22c96-aba1-2278-2501-b382fe43cb5a}"
EndProject
Project("{FAE04EC0-301F-11D3-BF4B-00C04F79EFBC}") = "UnityEngine.Advertisements.DevX.Editor", "UnityEngine.Advertisements.DevX.Editor.csproj", "{835cb469-6d3c-724e-cf6e-7d1df2b10446}"
EndProject
Project("{FAE04EC0-301F-11D3-BF4B-00C04F79EFBC}") = "Unity.Services.Core.Editor", "Unity.Services.Core.Editor.csproj", "{0dad2ef8-c20d-5004-7cfc-328b1b9b9ad4}"
EndProject
Project("{FAE04EC0-301F-11D3-BF4B-00C04F79EFBC}") = "UnityEditor.XR.LegacyInputHelpers", "UnityEditor.XR.LegacyInputHelpers.csproj", "{cecbd949-8ed0-1f31-1009-88cb16519be3}"
EndProject
Project("{FAE04EC0-301F-11D3-BF4B-00C04F79EFBC}") = "Unity.CollabProxy.Editor", "Unity.CollabProxy.Editor.csproj", "{2d392f06-6c83-24f7-7dde-56a55aeaba1d}"
EndProject
Project("{FAE04EC0-301F-11D3-BF4B-00C04F79EFBC}") = "Unity.VSCode.Editor", "Unity.VSCode.Editor.csproj", "{d107c8d0-676d-0792-9326-03526cae561a}"
EndProject
Project("{FAE04EC0-301F-11D3-BF4B-00C04F79EFBC}") = "com.unity.multiplayer-weaver.Editor", "com.unity.multiplayer-weaver.Editor.csproj", "{88cd81bb-299f-ae4b-7627-d244637b0b75}"
EndProject
Project("{FAE04EC0-301F-11D3-BF4B-00C04F79EFBC}") = "UnityEditor.SpatialTracking", "UnityEditor.SpatialTracking.csproj", "{dcfe5694-eed4-9a94-2d31-8310c2d00a59}"
EndProject
Project("{FAE04EC0-301F-11D3-BF4B-00C04F79EFBC}") = "Assembly-CSharp-Editor", "Assembly-CSharp-Editor.csproj", "{b2f9765a-ae0f-5139-2fdf-a24dc9d61b7c}"
EndProject
Project("{FAE04EC0-301F-11D3-BF4B-00C04F79EFBC}") = "Analytics", "Analytics.csproj", "{57198f35-38a0-420d-7d43-75a432ef9203}"
EndProject
Global
	GlobalSection(SolutionConfigurationPlatforms) = preSolution
		Debug|Any CPU = Debug|Any CPU
	EndGlobalSection
	GlobalSection(ProjectConfigurationPlatforms) = postSolution
		{c10f6a62-ea7e-6d11-5768-662c39dd0c24}.Debug|Any CPU.ActiveCfg = Debug|Any CPU
		{c10f6a62-ea7e-6d11-5768-662c39dd0c24}.Debug|Any CPU.Build.0 = Debug|Any CPU
		{20cbf120-0348-5f80-14ec-18b22cfafedd}.Debug|Any CPU.ActiveCfg = Debug|Any CPU
		{20cbf120-0348-5f80-14ec-18b22cfafedd}.Debug|Any CPU.Build.0 = Debug|Any CPU
		{776bdf64-399d-d849-4b3f-bd9e5fe0fef4}.Debug|Any CPU.ActiveCfg = Debug|Any CPU
		{776bdf64-399d-d849-4b3f-bd9e5fe0fef4}.Debug|Any CPU.Build.0 = Debug|Any CPU
		{8c5b105e-0c21-6a18-ad1b-3ed2d3c51997}.Debug|Any CPU.ActiveCfg = Debug|Any CPU
		{8c5b105e-0c21-6a18-ad1b-3ed2d3c51997}.Debug|Any CPU.Build.0 = Debug|Any CPU
		{28d31eb5-744d-63fa-7412-480f34b4f97c}.Debug|Any CPU.ActiveCfg = Debug|Any CPU
		{28d31eb5-744d-63fa-7412-480f34b4f97c}.Debug|Any CPU.Build.0 = Debug|Any CPU
		{c21817ae-ec35-8cee-d8d2-d8353abc283f}.Debug|Any CPU.ActiveCfg = Debug|Any CPU
		{c21817ae-ec35-8cee-d8d2-d8353abc283f}.Debug|Any CPU.Build.0 = Debug|Any CPU
		{923968c0-3669-37f8-c0b0-a55908e9a9c1}.Debug|Any CPU.ActiveCfg = Debug|Any CPU
		{923968c0-3669-37f8-c0b0-a55908e9a9c1}.Debug|Any CPU.Build.0 = Debug|Any CPU
		{af4cebc4-3821-43c7-74e3-1c70482b5d5e}.Debug|Any CPU.ActiveCfg = Debug|Any CPU
		{af4cebc4-3821-43c7-74e3-1c70482b5d5e}.Debug|Any CPU.Build.0 = Debug|Any CPU
		{0ecdc560-4eba-c712-6a31-8a299f7570b2}.Debug|Any CPU.ActiveCfg = Debug|Any CPU
		{0ecdc560-4eba-c712-6a31-8a299f7570b2}.Debug|Any CPU.Build.0 = Debug|Any CPU
		{de53e22e-ef6b-a9f6-755d-9865eb7a4467}.Debug|Any CPU.ActiveCfg = Debug|Any CPU
		{de53e22e-ef6b-a9f6-755d-9865eb7a4467}.Debug|Any CPU.Build.0 = Debug|Any CPU
		{26e552a6-3a39-0198-d133-940241c371cb}.Debug|Any CPU.ActiveCfg = Debug|Any CPU
		{26e552a6-3a39-0198-d133-940241c371cb}.Debug|Any CPU.Build.0 = Debug|Any CPU
		{1631a342-c59b-b4a6-a5cc-9d911b747265}.Debug|Any CPU.ActiveCfg = Debug|Any CPU
		{1631a342-c59b-b4a6-a5cc-9d911b747265}.Debug|Any CPU.Build.0 = Debug|Any CPU
		{24f72b87-2380-6a9b-800f-32a9a7578839}.Debug|Any CPU.ActiveCfg = Debug|Any CPU
		{24f72b87-2380-6a9b-800f-32a9a7578839}.Debug|Any CPU.Build.0 = Debug|Any CPU
		{5f09af32-0d20-bdf3-7321-d3f691e7886c}.Debug|Any CPU.ActiveCfg = Debug|Any CPU
		{5f09af32-0d20-bdf3-7321-d3f691e7886c}.Debug|Any CPU.Build.0 = Debug|Any CPU
		{adf6b11e-c91e-de69-5dfc-7ce4308a895d}.Debug|Any CPU.ActiveCfg = Debug|Any CPU
		{adf6b11e-c91e-de69-5dfc-7ce4308a895d}.Debug|Any CPU.Build.0 = Debug|Any CPU
		{1b4f0c9a-3928-d8d5-2fea-bf1a7bc338b1}.Debug|Any CPU.ActiveCfg = Debug|Any CPU
		{1b4f0c9a-3928-d8d5-2fea-bf1a7bc338b1}.Debug|Any CPU.Build.0 = Debug|Any CPU
		{875a59b1-d7df-50c0-b942-9cc01cb05cd3}.Debug|Any CPU.ActiveCfg = Debug|Any CPU
		{875a59b1-d7df-50c0-b942-9cc01cb05cd3}.Debug|Any CPU.Build.0 = Debug|Any CPU
		{6e18f694-9ac3-df0e-3a46-6e46f3154ddc}.Debug|Any CPU.ActiveCfg = Debug|Any CPU
		{6e18f694-9ac3-df0e-3a46-6e46f3154ddc}.Debug|Any CPU.Build.0 = Debug|Any CPU
		{3397aec9-7684-2c71-ef85-09227f7d0059}.Debug|Any CPU.ActiveCfg = Debug|Any CPU
		{3397aec9-7684-2c71-ef85-09227f7d0059}.Debug|Any CPU.Build.0 = Debug|Any CPU
		{54249cff-f7ce-7bd7-650a-32229b4584e3}.Debug|Any CPU.ActiveCfg = Debug|Any CPU
		{54249cff-f7ce-7bd7-650a-32229b4584e3}.Debug|Any CPU.Build.0 = Debug|Any CPU
		{06258aee-2ddf-bffe-aff5-76e37334e72b}.Debug|Any CPU.ActiveCfg = Debug|Any CPU
		{06258aee-2ddf-bffe-aff5-76e37334e72b}.Debug|Any CPU.Build.0 = Debug|Any CPU
		{246349bd-fe70-81bf-02ab-aa6d4f738f5b}.Debug|Any CPU.ActiveCfg = Debug|Any CPU
		{246349bd-fe70-81bf-02ab-aa6d4f738f5b}.Debug|Any CPU.Build.0 = Debug|Any CPU
		{f42ae96a-35d9-d229-a288-d3d8ca3d6180}.Debug|Any CPU.ActiveCfg = Debug|Any CPU
		{f42ae96a-35d9-d229-a288-d3d8ca3d6180}.Debug|Any CPU.Build.0 = Debug|Any CPU
		{a2e594c5-0e3b-06a4-219b-58a17f7a1422}.Debug|Any CPU.ActiveCfg = Debug|Any CPU
		{a2e594c5-0e3b-06a4-219b-58a17f7a1422}.Debug|Any CPU.Build.0 = Debug|Any CPU
		{bdf2a63f-6d85-7f15-fb1c-3f8cfc9bfcb3}.Debug|Any CPU.ActiveCfg = Debug|Any CPU
		{bdf2a63f-6d85-7f15-fb1c-3f8cfc9bfcb3}.Debug|Any CPU.Build.0 = Debug|Any CPU
		{36737987-7b9d-3f3c-0b87-7bc9e6ae302a}.Debug|Any CPU.ActiveCfg = Debug|Any CPU
		{36737987-7b9d-3f3c-0b87-7bc9e6ae302a}.Debug|Any CPU.Build.0 = Debug|Any CPU
		{dd745376-3b8b-bd5f-991e-f72f4c13dd12}.Debug|Any CPU.ActiveCfg = Debug|Any CPU
		{dd745376-3b8b-bd5f-991e-f72f4c13dd12}.Debug|Any CPU.Build.0 = Debug|Any CPU
		{e0efb425-7d00-3125-fa9d-2139ffb88cb6}.Debug|Any CPU.ActiveCfg = Debug|Any CPU
		{e0efb425-7d00-3125-fa9d-2139ffb88cb6}.Debug|Any CPU.Build.0 = Debug|Any CPU
		{21b90933-ecca-8922-f184-2a562d6bdbdf}.Debug|Any CPU.ActiveCfg = Debug|Any CPU
		{21b90933-ecca-8922-f184-2a562d6bdbdf}.Debug|Any CPU.Build.0 = Debug|Any CPU
		{eec9d306-f8e8-a42f-137f-89e3bd70689c}.Debug|Any CPU.ActiveCfg = Debug|Any CPU
		{eec9d306-f8e8-a42f-137f-89e3bd70689c}.Debug|Any CPU.Build.0 = Debug|Any CPU
		{b099733f-3fcb-3f77-61bb-74420319b035}.Debug|Any CPU.ActiveCfg = Debug|Any CPU
		{b099733f-3fcb-3f77-61bb-74420319b035}.Debug|Any CPU.Build.0 = Debug|Any CPU
		{e581f308-0911-2992-4b05-a23ee3cc44ee}.Debug|Any CPU.ActiveCfg = Debug|Any CPU
		{e581f308-0911-2992-4b05-a23ee3cc44ee}.Debug|Any CPU.Build.0 = Debug|Any CPU
		{00f22c96-aba1-2278-2501-b382fe43cb5a}.Debug|Any CPU.ActiveCfg = Debug|Any CPU
		{00f22c96-aba1-2278-2501-b382fe43cb5a}.Debug|Any CPU.Build.0 = Debug|Any CPU
		{835cb469-6d3c-724e-cf6e-7d1df2b10446}.Debug|Any CPU.ActiveCfg = Debug|Any CPU
		{835cb469-6d3c-724e-cf6e-7d1df2b10446}.Debug|Any CPU.Build.0 = Debug|Any CPU
		{0dad2ef8-c20d-5004-7cfc-328b1b9b9ad4}.Debug|Any CPU.ActiveCfg = Debug|Any CPU
		{0dad2ef8-c20d-5004-7cfc-328b1b9b9ad4}.Debug|Any CPU.Build.0 = Debug|Any CPU
		{cecbd949-8ed0-1f31-1009-88cb16519be3}.Debug|Any CPU.ActiveCfg = Debug|Any CPU
		{cecbd949-8ed0-1f31-1009-88cb16519be3}.Debug|Any CPU.Build.0 = Debug|Any CPU
		{2d392f06-6c83-24f7-7dde-56a55aeaba1d}.Debug|Any CPU.ActiveCfg = Debug|Any CPU
		{2d392f06-6c83-24f7-7dde-56a55aeaba1d}.Debug|Any CPU.Build.0 = Debug|Any CPU
		{d107c8d0-676d-0792-9326-03526cae561a}.Debug|Any CPU.ActiveCfg = Debug|Any CPU
		{d107c8d0-676d-0792-9326-03526cae561a}.Debug|Any CPU.Build.0 = Debug|Any CPU
		{88cd81bb-299f-ae4b-7627-d244637b0b75}.Debug|Any CPU.ActiveCfg = Debug|Any CPU
		{88cd81bb-299f-ae4b-7627-d244637b0b75}.Debug|Any CPU.Build.0 = Debug|Any CPU
		{dcfe5694-eed4-9a94-2d31-8310c2d00a59}.Debug|Any CPU.ActiveCfg = Debug|Any CPU
		{dcfe5694-eed4-9a94-2d31-8310c2d00a59}.Debug|Any CPU.Build.0 = Debug|Any CPU
		{b2f9765a-ae0f-5139-2fdf-a24dc9d61b7c}.Debug|Any CPU.ActiveCfg = Debug|Any CPU
		{b2f9765a-ae0f-5139-2fdf-a24dc9d61b7c}.Debug|Any CPU.Build.0 = Debug|Any CPU
		{57198f35-38a0-420d-7d43-75a432ef9203}.Debug|Any CPU.ActiveCfg = Debug|Any CPU
		{57198f35-38a0-420d-7d43-75a432ef9203}.Debug|Any CPU.Build.0 = Debug|Any CPU
	EndGlobalSection
	GlobalSection(SolutionProperties) = preSolution
		HideSolutionNode = FALSE
	EndGlobalSection
EndGlobal
